// !$*UTF8*$!
{
	archiveVersion = 1;
	classes = {
	};
	objectVersion = 46;
	objects = {

/* Begin PBXBuildFile section */
		412DA0F0123B42018D91BDAE /* libPods-Specs.a in Frameworks */ = {isa = PBXBuildFile; fileRef = 29BED449838F47B6899DB34A /* libPods-Specs.a */; };
		88FE4CEF19ADEA0C007562CD /* DTViewPresenter.m in Sources */ = {isa = PBXBuildFile; fileRef = 88FE4CEE19ADEA0C007562CD /* DTViewPresenter.m */; };
		88FE4CF019ADEA0C007562CD /* DTViewPresenter.m in Sources */ = {isa = PBXBuildFile; fileRef = 88FE4CEE19ADEA0C007562CD /* DTViewPresenter.m */; };
		88FE4CF619ADEE8A007562CD /* CustomViewController.m in Sources */ = {isa = PBXBuildFile; fileRef = 88FE4CF419ADEE8A007562CD /* CustomViewController.m */; };
		88FE4CF719ADEE8A007562CD /* CustomViewController.m in Sources */ = {isa = PBXBuildFile; fileRef = 88FE4CF419ADEE8A007562CD /* CustomViewController.m */; };
		88FE4CF819ADEE8A007562CD /* CustomViewController.xib in Resources */ = {isa = PBXBuildFile; fileRef = 88FE4CF519ADEE8A007562CD /* CustomViewController.xib */; };
		88FE4CF919ADEE8A007562CD /* CustomViewController.xib in Resources */ = {isa = PBXBuildFile; fileRef = 88FE4CF519ADEE8A007562CD /* CustomViewController.xib */; };
		9A22339B18B10F4900423899 /* UIPopoverController+DTPickerPresenter.m in Sources */ = {isa = PBXBuildFile; fileRef = 9A22339A18B10F4900423899 /* UIPopoverController+DTPickerPresenter.m */; };
		9A2233A118B113AD00423899 /* iPadPickerController.m in Sources */ = {isa = PBXBuildFile; fileRef = 9A2233A018B113AD00423899 /* iPadPickerController.m */; };
		AA0CD1B718AB9B94008FE536 /* DTDatePickerPresenter.m in Sources */ = {isa = PBXBuildFile; fileRef = AA0CD1B618AB9B94008FE536 /* DTDatePickerPresenter.m */; };
		AA0CD1BA18AB9F6E008FE536 /* UITextField+DTPickerPresenter.m in Sources */ = {isa = PBXBuildFile; fileRef = AA0CD1B918AB9F6E008FE536 /* UITextField+DTPickerPresenter.m */; };
		AA0CD1C218ABAAB4008FE536 /* DTDatePickerPresenterSpecs.m in Sources */ = {isa = PBXBuildFile; fileRef = AA0CD1C118ABAAB4008FE536 /* DTDatePickerPresenterSpecs.m */; };
		AA0CD1C418ABB2EB008FE536 /* DTPickerPresenterSpecs.m in Sources */ = {isa = PBXBuildFile; fileRef = AA0CD1C318ABB2EB008FE536 /* DTPickerPresenterSpecs.m */; };
		AA0CD1C718ABBC87008FE536 /* DTPickerDatasource.m in Sources */ = {isa = PBXBuildFile; fileRef = AA0CD1C618ABBC87008FE536 /* DTPickerDatasource.m */; };
		AA0CD1C918ABBCE9008FE536 /* DTPickerDatasourceSpecs.m in Sources */ = {isa = PBXBuildFile; fileRef = AA0CD1C818ABBCE9008FE536 /* DTPickerDatasourceSpecs.m */; };
		AA1C789118A9024E00DC8AD1 /* InfoPlist.strings in Resources */ = {isa = PBXBuildFile; fileRef = AA1C788F18A9024E00DC8AD1 /* InfoPlist.strings */; };
		AA1C78BD18A9026C00DC8AD1 /* DTPickerViewPresenter.m in Sources */ = {isa = PBXBuildFile; fileRef = AA1C78BA18A9026C00DC8AD1 /* DTPickerViewPresenter.m */; };
		AA1C78C518A904E700DC8AD1 /* AppDelegate.m in Sources */ = {isa = PBXBuildFile; fileRef = AA1C78C318A904E700DC8AD1 /* AppDelegate.m */; };
		AA1C78C618A904E700DC8AD1 /* Images.xcassets in Resources */ = {isa = PBXBuildFile; fileRef = AA1C78C418A904E700DC8AD1 /* Images.xcassets */; };
		AA1C78CB18A904FC00DC8AD1 /* main.m in Sources */ = {isa = PBXBuildFile; fileRef = AA1C78CA18A904FC00DC8AD1 /* main.m */; };
		AA1C78D418A9051C00DC8AD1 /* InfoPlist.strings in Resources */ = {isa = PBXBuildFile; fileRef = AA1C78D118A9051C00DC8AD1 /* InfoPlist.strings */; };
		AA64F2AB18A90B9A006E3455 /* iPhonePickerController.m in Sources */ = {isa = PBXBuildFile; fileRef = AA64F2A918A90B9A006E3455 /* iPhonePickerController.m */; };
		AA64F2AC18A90B9A006E3455 /* iPhonePickerController.xib in Resources */ = {isa = PBXBuildFile; fileRef = AA64F2AA18A90B9A006E3455 /* iPhonePickerController.xib */; };
		AA83F53518AD0C1800332F23 /* iPadPickerController.xib in Resources */ = {isa = PBXBuildFile; fileRef = AA83F53418AD0C1800332F23 /* iPadPickerController.xib */; };
/* End PBXBuildFile section */

/* Begin PBXContainerItemProxy section */
		AA1C78A318A9024E00DC8AD1 /* PBXContainerItemProxy */ = {
			isa = PBXContainerItemProxy;
			containerPortal = AA1C787B18A9024E00DC8AD1 /* Project object */;
			proxyType = 1;
			remoteGlobalIDString = AA1C788218A9024E00DC8AD1;
			remoteInfo = DTPickerPresenterTests;
		};
/* End PBXContainerItemProxy section */

/* Begin PBXFileReference section */
		20BF89A3F7814F11AE6EFC1D /* libPods-DTPickerPresenterTests.a */ = {isa = PBXFileReference; explicitFileType = archive.ar; includeInIndex = 0; path = "libPods-DTPickerPresenterTests.a"; sourceTree = BUILT_PRODUCTS_DIR; };
		29BED449838F47B6899DB34A /* libPods-Specs.a */ = {isa = PBXFileReference; explicitFileType = archive.ar; includeInIndex = 0; path = "libPods-Specs.a"; sourceTree = BUILT_PRODUCTS_DIR; };
		88FE4CED19ADEA0C007562CD /* DTViewPresenter.h */ = {isa = PBXFileReference; fileEncoding = 4; lastKnownFileType = sourcecode.c.h; name = DTViewPresenter.h; path = ../DTPickerPresenter/DTViewPresenter.h; sourceTree = "<group>"; };
		88FE4CEE19ADEA0C007562CD /* DTViewPresenter.m */ = {isa = PBXFileReference; fileEncoding = 4; lastKnownFileType = sourcecode.c.objc; name = DTViewPresenter.m; path = ../DTPickerPresenter/DTViewPresenter.m; sourceTree = "<group>"; };
		88FE4CF319ADEE8A007562CD /* CustomViewController.h */ = {isa = PBXFileReference; fileEncoding = 4; lastKnownFileType = sourcecode.c.h; name = CustomViewController.h; path = DTPickerPresenterExample/CustomViewController.h; sourceTree = SOURCE_ROOT; };
		88FE4CF419ADEE8A007562CD /* CustomViewController.m */ = {isa = PBXFileReference; fileEncoding = 4; lastKnownFileType = sourcecode.c.objc; name = CustomViewController.m; path = DTPickerPresenterExample/CustomViewController.m; sourceTree = SOURCE_ROOT; };
		88FE4CF519ADEE8A007562CD /* CustomViewController.xib */ = {isa = PBXFileReference; fileEncoding = 4; lastKnownFileType = file.xib; name = CustomViewController.xib; path = DTPickerPresenterExample/CustomViewController.xib; sourceTree = SOURCE_ROOT; };
		95F274B74E3843D79AA3A99E /* Pods-Specs.xcconfig */ = {isa = PBXFileReference; includeInIndex = 1; lastKnownFileType = text.xcconfig; name = "Pods-Specs.xcconfig"; path = "Pods/Pods-Specs.xcconfig"; sourceTree = "<group>"; };
		95F46C5B18B81374005F006C /* DTPickerPresenter.h */ = {isa = PBXFileReference; lastKnownFileType = sourcecode.c.h; name = DTPickerPresenter.h; path = ../DTPickerPresenter/DTPickerPresenter.h; sourceTree = "<group>"; };
		9A22339918B10F4900423899 /* UIPopoverController+DTPickerPresenter.h */ = {isa = PBXFileReference; fileEncoding = 4; lastKnownFileType = sourcecode.c.h; name = "UIPopoverController+DTPickerPresenter.h"; path = "../DTPickerPresenter/UIPopoverController+DTPickerPresenter.h"; sourceTree = "<group>"; };
		9A22339A18B10F4900423899 /* UIPopoverController+DTPickerPresenter.m */ = {isa = PBXFileReference; fileEncoding = 4; lastKnownFileType = sourcecode.c.objc; name = "UIPopoverController+DTPickerPresenter.m"; path = "../DTPickerPresenter/UIPopoverController+DTPickerPresenter.m"; sourceTree = "<group>"; };
		9A22339F18B113AD00423899 /* iPadPickerController.h */ = {isa = PBXFileReference; fileEncoding = 4; lastKnownFileType = sourcecode.c.h; name = iPadPickerController.h; path = DTPickerPresenterExample/iPadPickerController.h; sourceTree = SOURCE_ROOT; };
		9A2233A018B113AD00423899 /* iPadPickerController.m */ = {isa = PBXFileReference; fileEncoding = 4; lastKnownFileType = sourcecode.c.objc; name = iPadPickerController.m; path = DTPickerPresenterExample/iPadPickerController.m; sourceTree = SOURCE_ROOT; };
		9ACF721419AE59F1004609DE /* DTViewPresentation.h */ = {isa = PBXFileReference; lastKnownFileType = sourcecode.c.h; name = DTViewPresentation.h; path = ../DTPickerPresenter/DTViewPresentation.h; sourceTree = "<group>"; };
		AA0CD1B518AB9B94008FE536 /* DTDatePickerPresenter.h */ = {isa = PBXFileReference; fileEncoding = 4; lastKnownFileType = sourcecode.c.h; name = DTDatePickerPresenter.h; path = ../DTPickerPresenter/DTDatePickerPresenter.h; sourceTree = "<group>"; };
		AA0CD1B618AB9B94008FE536 /* DTDatePickerPresenter.m */ = {isa = PBXFileReference; fileEncoding = 4; lastKnownFileType = sourcecode.c.objc; name = DTDatePickerPresenter.m; path = ../DTPickerPresenter/DTDatePickerPresenter.m; sourceTree = "<group>"; };
		AA0CD1B818AB9F6E008FE536 /* UITextField+DTPickerPresenter.h */ = {isa = PBXFileReference; fileEncoding = 4; lastKnownFileType = sourcecode.c.h; name = "UITextField+DTPickerPresenter.h"; path = "../DTPickerPresenter/UITextField+DTPickerPresenter.h"; sourceTree = "<group>"; };
		AA0CD1B918AB9F6E008FE536 /* UITextField+DTPickerPresenter.m */ = {isa = PBXFileReference; fileEncoding = 4; lastKnownFileType = sourcecode.c.objc; name = "UITextField+DTPickerPresenter.m"; path = "../DTPickerPresenter/UITextField+DTPickerPresenter.m"; sourceTree = "<group>"; };
		AA0CD1C118ABAAB4008FE536 /* DTDatePickerPresenterSpecs.m */ = {isa = PBXFileReference; fileEncoding = 4; lastKnownFileType = sourcecode.c.objc; name = DTDatePickerPresenterSpecs.m; path = DTPickerPresenterTests/Specs/DTDatePickerPresenterSpecs.m; sourceTree = SOURCE_ROOT; };
		AA0CD1C318ABB2EB008FE536 /* DTPickerPresenterSpecs.m */ = {isa = PBXFileReference; fileEncoding = 4; lastKnownFileType = sourcecode.c.objc; name = DTPickerPresenterSpecs.m; path = DTPickerPresenterTests/Specs/DTPickerPresenterSpecs.m; sourceTree = SOURCE_ROOT; };
		AA0CD1C518ABBC87008FE536 /* DTPickerDatasource.h */ = {isa = PBXFileReference; fileEncoding = 4; lastKnownFileType = sourcecode.c.h; name = DTPickerDatasource.h; path = ../DTPickerPresenter/DTPickerDatasource.h; sourceTree = "<group>"; };
		AA0CD1C618ABBC87008FE536 /* DTPickerDatasource.m */ = {isa = PBXFileReference; fileEncoding = 4; lastKnownFileType = sourcecode.c.objc; name = DTPickerDatasource.m; path = ../DTPickerPresenter/DTPickerDatasource.m; sourceTree = "<group>"; };
		AA0CD1C818ABBCE9008FE536 /* DTPickerDatasourceSpecs.m */ = {isa = PBXFileReference; fileEncoding = 4; lastKnownFileType = sourcecode.c.objc; name = DTPickerDatasourceSpecs.m; path = DTPickerPresenterTests/Specs/DTPickerDatasourceSpecs.m; sourceTree = SOURCE_ROOT; };
		AA0CD1CB18ABC818008FE536 /* DTPickerDatasourceProtocol.h */ = {isa = PBXFileReference; lastKnownFileType = sourcecode.c.h; name = DTPickerDatasourceProtocol.h; path = ../DTPickerPresenter/DTPickerDatasourceProtocol.h; sourceTree = "<group>"; };
		AA1C788318A9024E00DC8AD1 /* Example.app */ = {isa = PBXFileReference; explicitFileType = wrapper.application; includeInIndex = 0; path = Example.app; sourceTree = BUILT_PRODUCTS_DIR; };
		AA1C789018A9024E00DC8AD1 /* en */ = {isa = PBXFileReference; lastKnownFileType = text.plist.strings; name = en; path = en.lproj/InfoPlist.strings; sourceTree = "<group>"; };
		AA1C789E18A9024E00DC8AD1 /* DTPickerPresenter.xctest */ = {isa = PBXFileReference; explicitFileType = wrapper.cfbundle; includeInIndex = 0; path = DTPickerPresenter.xctest; sourceTree = BUILT_PRODUCTS_DIR; };
		AA1C78B918A9026C00DC8AD1 /* DTPickerViewPresenter.h */ = {isa = PBXFileReference; fileEncoding = 4; lastKnownFileType = sourcecode.c.h; name = DTPickerViewPresenter.h; path = ../DTPickerPresenter/DTPickerViewPresenter.h; sourceTree = "<group>"; };
		AA1C78BA18A9026C00DC8AD1 /* DTPickerViewPresenter.m */ = {isa = PBXFileReference; fileEncoding = 4; lastKnownFileType = sourcecode.c.objc; name = DTPickerViewPresenter.m; path = ../DTPickerPresenter/DTPickerViewPresenter.m; sourceTree = "<group>"; };
		AA1C78C218A904E700DC8AD1 /* AppDelegate.h */ = {isa = PBXFileReference; fileEncoding = 4; lastKnownFileType = sourcecode.c.h; name = AppDelegate.h; path = DTPickerPresenterExample/AppDelegate.h; sourceTree = SOURCE_ROOT; };
		AA1C78C318A904E700DC8AD1 /* AppDelegate.m */ = {isa = PBXFileReference; fileEncoding = 4; lastKnownFileType = sourcecode.c.objc; name = AppDelegate.m; path = DTPickerPresenterExample/AppDelegate.m; sourceTree = SOURCE_ROOT; };
		AA1C78C418A904E700DC8AD1 /* Images.xcassets */ = {isa = PBXFileReference; lastKnownFileType = folder.assetcatalog; name = Images.xcassets; path = DTPickerPresenterExample/Images.xcassets; sourceTree = SOURCE_ROOT; };
		AA1C78C718A904F000DC8AD1 /* DTPickerPresenterExample.plist */ = {isa = PBXFileReference; fileEncoding = 4; lastKnownFileType = text.plist.xml; name = DTPickerPresenterExample.plist; path = DTPickerPresenterExample/DTPickerPresenterExample.plist; sourceTree = SOURCE_ROOT; };
		AA1C78C918A904FC00DC8AD1 /* DTPickerPresenterExample.pch */ = {isa = PBXFileReference; fileEncoding = 4; lastKnownFileType = sourcecode.c.h; name = DTPickerPresenterExample.pch; path = DTPickerPresenterExample/DTPickerPresenterExample.pch; sourceTree = SOURCE_ROOT; };
		AA1C78CA18A904FC00DC8AD1 /* main.m */ = {isa = PBXFileReference; fileEncoding = 4; lastKnownFileType = sourcecode.c.objc; name = main.m; path = DTPickerPresenterExample/main.m; sourceTree = SOURCE_ROOT; };
		AA1C78CE18A9051C00DC8AD1 /* DTPickerPresenterSpecs.pch */ = {isa = PBXFileReference; fileEncoding = 4; lastKnownFileType = sourcecode.c.h; name = DTPickerPresenterSpecs.pch; path = DTPickerPresenterTests/DTPickerPresenterSpecs.pch; sourceTree = SOURCE_ROOT; };
		AA1C78CF18A9051C00DC8AD1 /* DTPickerPresenter-Info.plist */ = {isa = PBXFileReference; fileEncoding = 4; lastKnownFileType = text.plist.xml; name = "DTPickerPresenter-Info.plist"; path = "DTPickerPresenterTests/DTPickerPresenter-Info.plist"; sourceTree = SOURCE_ROOT; };
		AA1C78D218A9051C00DC8AD1 /* en */ = {isa = PBXFileReference; lastKnownFileType = text.plist.strings; name = en; path = InfoPlist.strings; sourceTree = "<group>"; };
		AA64F2A818A90B9A006E3455 /* iPhonePickerController.h */ = {isa = PBXFileReference; fileEncoding = 4; lastKnownFileType = sourcecode.c.h; name = iPhonePickerController.h; path = DTPickerPresenterExample/iPhonePickerController.h; sourceTree = SOURCE_ROOT; };
		AA64F2A918A90B9A006E3455 /* iPhonePickerController.m */ = {isa = PBXFileReference; fileEncoding = 4; lastKnownFileType = sourcecode.c.objc; name = iPhonePickerController.m; path = DTPickerPresenterExample/iPhonePickerController.m; sourceTree = SOURCE_ROOT; };
		AA64F2AA18A90B9A006E3455 /* iPhonePickerController.xib */ = {isa = PBXFileReference; fileEncoding = 4; lastKnownFileType = file.xib; name = iPhonePickerController.xib; path = DTPickerPresenterExample/iPhonePickerController.xib; sourceTree = SOURCE_ROOT; };
		AA83F53418AD0C1800332F23 /* iPadPickerController.xib */ = {isa = PBXFileReference; fileEncoding = 4; lastKnownFileType = file.xib; name = iPadPickerController.xib; path = DTPickerPresenterExample/iPadPickerController.xib; sourceTree = SOURCE_ROOT; };
/* End PBXFileReference section */

/* Begin PBXFrameworksBuildPhase section */
		AA1C788018A9024E00DC8AD1 /* Frameworks */ = {
			isa = PBXFrameworksBuildPhase;
			buildActionMask = 2147483647;
			files = (
			);
			runOnlyForDeploymentPostprocessing = 0;
		};
		AA1C789B18A9024E00DC8AD1 /* Frameworks */ = {
			isa = PBXFrameworksBuildPhase;
			buildActionMask = 2147483647;
			files = (
				412DA0F0123B42018D91BDAE /* libPods-Specs.a in Frameworks */,
			);
			runOnlyForDeploymentPostprocessing = 0;
		};
/* End PBXFrameworksBuildPhase section */

/* Begin PBXGroup section */
		2FF36CB3FA494B13B03F633F /* Frameworks */ = {
			isa = PBXGroup;
			children = (
				20BF89A3F7814F11AE6EFC1D /* libPods-DTPickerPresenterTests.a */,
				29BED449838F47B6899DB34A /* libPods-Specs.a */,
			);
			name = Frameworks;
			sourceTree = "<group>";
		};
		88FE4CF119ADEA40007562CD /* ViewPresenter */ = {
			isa = PBXGroup;
			children = (
				88FE4CED19ADEA0C007562CD /* DTViewPresenter.h */,
				88FE4CEE19ADEA0C007562CD /* DTViewPresenter.m */,
			);
			name = ViewPresenter;
			sourceTree = "<group>";
		};
		AA1C787A18A9024E00DC8AD1 = {
			isa = PBXGroup;
			children = (
				AA1C78B518A9025400DC8AD1 /* DTPickerPresenter */,
				AA1C788C18A9024E00DC8AD1 /* Example */,
				AA1C78A518A9024E00DC8AD1 /* Specs */,
				AA1C788418A9024E00DC8AD1 /* Products */,
				2FF36CB3FA494B13B03F633F /* Frameworks */,
				95F274B74E3843D79AA3A99E /* Pods-Specs.xcconfig */,
			);
			sourceTree = "<group>";
		};
		AA1C788418A9024E00DC8AD1 /* Products */ = {
			isa = PBXGroup;
			children = (
				AA1C788318A9024E00DC8AD1 /* Example.app */,
				AA1C789E18A9024E00DC8AD1 /* DTPickerPresenter.xctest */,
			);
			name = Products;
			sourceTree = "<group>";
		};
		AA1C788C18A9024E00DC8AD1 /* Example */ = {
			isa = PBXGroup;
			children = (
				AA1C78C218A904E700DC8AD1 /* AppDelegate.h */,
				AA1C78C318A904E700DC8AD1 /* AppDelegate.m */,
				AA1C78C418A904E700DC8AD1 /* Images.xcassets */,
				AA1C788D18A9024E00DC8AD1 /* Supporting Files */,
				AA64F2A818A90B9A006E3455 /* iPhonePickerController.h */,
				AA64F2A918A90B9A006E3455 /* iPhonePickerController.m */,
				AA64F2AA18A90B9A006E3455 /* iPhonePickerController.xib */,
				9A22339F18B113AD00423899 /* iPadPickerController.h */,
				9A2233A018B113AD00423899 /* iPadPickerController.m */,
				AA83F53418AD0C1800332F23 /* iPadPickerController.xib */,
				88FE4CF319ADEE8A007562CD /* CustomViewController.h */,
				88FE4CF419ADEE8A007562CD /* CustomViewController.m */,
				88FE4CF519ADEE8A007562CD /* CustomViewController.xib */,
			);
			name = Example;
			path = DTPickerPresenterTests;
			sourceTree = "<group>";
		};
		AA1C788D18A9024E00DC8AD1 /* Supporting Files */ = {
			isa = PBXGroup;
			children = (
				AA1C78C718A904F000DC8AD1 /* DTPickerPresenterExample.plist */,
				AA1C788F18A9024E00DC8AD1 /* InfoPlist.strings */,
				AA1C78C918A904FC00DC8AD1 /* DTPickerPresenterExample.pch */,
				AA1C78CA18A904FC00DC8AD1 /* main.m */,
			);
			name = "Supporting Files";
			sourceTree = "<group>";
		};
		AA1C78A518A9024E00DC8AD1 /* Specs */ = {
			isa = PBXGroup;
			children = (
				AA0CD1C118ABAAB4008FE536 /* DTDatePickerPresenterSpecs.m */,
				AA0CD1C318ABB2EB008FE536 /* DTPickerPresenterSpecs.m */,
				AA1C78A618A9024E00DC8AD1 /* Supporting Files */,
				AA0CD1C818ABBCE9008FE536 /* DTPickerDatasourceSpecs.m */,
			);
			name = Specs;
			path = DTPickerPresenterTestsTests;
			sourceTree = "<group>";
		};
		AA1C78A618A9024E00DC8AD1 /* Supporting Files */ = {
			isa = PBXGroup;
			children = (
				AA1C78CE18A9051C00DC8AD1 /* DTPickerPresenterSpecs.pch */,
				AA1C78CF18A9051C00DC8AD1 /* DTPickerPresenter-Info.plist */,
				AA1C78D018A9051C00DC8AD1 /* en.lproj */,
			);
			name = "Supporting Files";
			sourceTree = "<group>";
		};
		AA1C78B518A9025400DC8AD1 /* DTPickerPresenter */ = {
			isa = PBXGroup;
			children = (
				95F46C5B18B81374005F006C /* DTPickerPresenter.h */,
				9ACF721419AE59F1004609DE /* DTViewPresentation.h */,
				AA83F53318AD0A3000332F23 /* UIKit+DTPickerPresenter */,
				88FE4CF119ADEA40007562CD /* ViewPresenter */,
				AA83F53218AD0A2300332F23 /* UIPickerView */,
				AA83F53118AD0A1B00332F23 /* UIDatePicker */,
			);
			name = DTPickerPresenter;
			sourceTree = "<group>";
		};
		AA1C78D018A9051C00DC8AD1 /* en.lproj */ = {
			isa = PBXGroup;
			children = (
				AA1C78D118A9051C00DC8AD1 /* InfoPlist.strings */,
			);
			name = en.lproj;
			path = DTPickerPresenterTests/en.lproj;
			sourceTree = SOURCE_ROOT;
		};
		AA83F53018AD0A0700332F23 /* Picker datasource */ = {
			isa = PBXGroup;
			children = (
				AA0CD1CB18ABC818008FE536 /* DTPickerDatasourceProtocol.h */,
				AA0CD1C518ABBC87008FE536 /* DTPickerDatasource.h */,
				AA0CD1C618ABBC87008FE536 /* DTPickerDatasource.m */,
			);
			name = "Picker datasource";
			sourceTree = "<group>";
		};
		AA83F53118AD0A1B00332F23 /* UIDatePicker */ = {
			isa = PBXGroup;
			children = (
				AA0CD1B518AB9B94008FE536 /* DTDatePickerPresenter.h */,
				AA0CD1B618AB9B94008FE536 /* DTDatePickerPresenter.m */,
			);
			name = UIDatePicker;
			sourceTree = "<group>";
		};
		AA83F53218AD0A2300332F23 /* UIPickerView */ = {
			isa = PBXGroup;
			children = (
				AA83F53018AD0A0700332F23 /* Picker datasource */,
				AA1C78B918A9026C00DC8AD1 /* DTPickerViewPresenter.h */,
				AA1C78BA18A9026C00DC8AD1 /* DTPickerViewPresenter.m */,
			);
			name = UIPickerView;
			sourceTree = "<group>";
		};
		AA83F53318AD0A3000332F23 /* UIKit+DTPickerPresenter */ = {
			isa = PBXGroup;
			children = (
				9A22339918B10F4900423899 /* UIPopoverController+DTPickerPresenter.h */,
				9A22339A18B10F4900423899 /* UIPopoverController+DTPickerPresenter.m */,
				AA0CD1B818AB9F6E008FE536 /* UITextField+DTPickerPresenter.h */,
				AA0CD1B918AB9F6E008FE536 /* UITextField+DTPickerPresenter.m */,
			);
			name = "UIKit+DTPickerPresenter";
			sourceTree = "<group>";
		};
/* End PBXGroup section */

/* Begin PBXNativeTarget section */
		AA1C788218A9024E00DC8AD1 /* Example */ = {
			isa = PBXNativeTarget;
			buildConfigurationList = AA1C78AF18A9024E00DC8AD1 /* Build configuration list for PBXNativeTarget "Example" */;
			buildPhases = (
				AA1C787F18A9024E00DC8AD1 /* Sources */,
				AA1C788018A9024E00DC8AD1 /* Frameworks */,
				AA1C788118A9024E00DC8AD1 /* Resources */,
			);
			buildRules = (
			);
			dependencies = (
			);
			name = Example;
			productName = DTPickerPresenterTests;
			productReference = AA1C788318A9024E00DC8AD1 /* Example.app */;
			productType = "com.apple.product-type.application";
		};
		AA1C789D18A9024E00DC8AD1 /* Specs */ = {
			isa = PBXNativeTarget;
			buildConfigurationList = AA1C78B218A9024E00DC8AD1 /* Build configuration list for PBXNativeTarget "Specs" */;
			buildPhases = (
				E7B2A0C9689E4D55BD927E40 /* Check Pods Manifest.lock */,
				AA1C789A18A9024E00DC8AD1 /* Sources */,
				AA1C789B18A9024E00DC8AD1 /* Frameworks */,
				AA1C789C18A9024E00DC8AD1 /* Resources */,
				7EC8D12A98AD4A77BA2287E7 /* Copy Pods Resources */,
			);
			buildRules = (
			);
			dependencies = (
				AA1C78A418A9024E00DC8AD1 /* PBXTargetDependency */,
			);
			name = Specs;
			productName = DTPickerPresenterTestsTests;
			productReference = AA1C789E18A9024E00DC8AD1 /* DTPickerPresenter.xctest */;
			productType = "com.apple.product-type.bundle.unit-test";
		};
/* End PBXNativeTarget section */

/* Begin PBXProject section */
		AA1C787B18A9024E00DC8AD1 /* Project object */ = {
			isa = PBXProject;
			attributes = {
				LastUpgradeCheck = 0510;
				ORGANIZATIONNAME = MLSDev;
				TargetAttributes = {
					AA1C789D18A9024E00DC8AD1 = {
						TestTargetID = AA1C788218A9024E00DC8AD1;
					};
				};
			};
			buildConfigurationList = AA1C787E18A9024E00DC8AD1 /* Build configuration list for PBXProject "DTPickerPresenter" */;
			compatibilityVersion = "Xcode 3.2";
			developmentRegion = English;
			hasScannedForEncodings = 0;
			knownRegions = (
				en,
			);
			mainGroup = AA1C787A18A9024E00DC8AD1;
			productRefGroup = AA1C788418A9024E00DC8AD1 /* Products */;
			projectDirPath = "";
			projectRoot = "";
			targets = (
				AA1C788218A9024E00DC8AD1 /* Example */,
				AA1C789D18A9024E00DC8AD1 /* Specs */,
			);
		};
/* End PBXProject section */

/* Begin PBXResourcesBuildPhase section */
		AA1C788118A9024E00DC8AD1 /* Resources */ = {
			isa = PBXResourcesBuildPhase;
			buildActionMask = 2147483647;
			files = (
				AA83F53518AD0C1800332F23 /* iPadPickerController.xib in Resources */,
				88FE4CF819ADEE8A007562CD /* CustomViewController.xib in Resources */,
				AA1C78C618A904E700DC8AD1 /* Images.xcassets in Resources */,
				AA1C789118A9024E00DC8AD1 /* InfoPlist.strings in Resources */,
				AA64F2AC18A90B9A006E3455 /* iPhonePickerController.xib in Resources */,
			);
			runOnlyForDeploymentPostprocessing = 0;
		};
		AA1C789C18A9024E00DC8AD1 /* Resources */ = {
			isa = PBXResourcesBuildPhase;
			buildActionMask = 2147483647;
			files = (
				AA1C78D418A9051C00DC8AD1 /* InfoPlist.strings in Resources */,
				88FE4CF919ADEE8A007562CD /* CustomViewController.xib in Resources */,
			);
			runOnlyForDeploymentPostprocessing = 0;
		};
/* End PBXResourcesBuildPhase section */

/* Begin PBXShellScriptBuildPhase section */
		7EC8D12A98AD4A77BA2287E7 /* Copy Pods Resources */ = {
			isa = PBXShellScriptBuildPhase;
			buildActionMask = 2147483647;
			files = (
			);
			inputPaths = (
			);
			name = "Copy Pods Resources";
			outputPaths = (
			);
			runOnlyForDeploymentPostprocessing = 0;
			shellPath = /bin/sh;
			shellScript = "\"${SRCROOT}/Pods/Pods-Specs-resources.sh\"\n";
			showEnvVarsInLog = 0;
		};
		E7B2A0C9689E4D55BD927E40 /* Check Pods Manifest.lock */ = {
			isa = PBXShellScriptBuildPhase;
			buildActionMask = 2147483647;
			files = (
			);
			inputPaths = (
			);
			name = "Check Pods Manifest.lock";
			outputPaths = (
			);
			runOnlyForDeploymentPostprocessing = 0;
			shellPath = /bin/sh;
			shellScript = "diff \"${PODS_ROOT}/../Podfile.lock\" \"${PODS_ROOT}/Manifest.lock\" > /dev/null\nif [[ $? != 0 ]] ; then\n    cat << EOM\nerror: The sandbox is not in sync with the Podfile.lock. Run 'pod install' or update your CocoaPods installation.\nEOM\n    exit 1\nfi\n";
			showEnvVarsInLog = 0;
		};
/* End PBXShellScriptBuildPhase section */

/* Begin PBXSourcesBuildPhase section */
		AA1C787F18A9024E00DC8AD1 /* Sources */ = {
			isa = PBXSourcesBuildPhase;
			buildActionMask = 2147483647;
			files = (
				AA0CD1B718AB9B94008FE536 /* DTDatePickerPresenter.m in Sources */,
				AA1C78CB18A904FC00DC8AD1 /* main.m in Sources */,
				9A22339B18B10F4900423899 /* UIPopoverController+DTPickerPresenter.m in Sources */,
				88FE4CF619ADEE8A007562CD /* CustomViewController.m in Sources */,
				AA0CD1BA18AB9F6E008FE536 /* UITextField+DTPickerPresenter.m in Sources */,
				88FE4CEF19ADEA0C007562CD /* DTViewPresenter.m in Sources */,
				9A2233A118B113AD00423899 /* iPadPickerController.m in Sources */,
				AA64F2AB18A90B9A006E3455 /* iPhonePickerController.m in Sources */,
				AA1C78BD18A9026C00DC8AD1 /* DTPickerViewPresenter.m in Sources */,
				AA0CD1C718ABBC87008FE536 /* DTPickerDatasource.m in Sources */,
				AA1C78C518A904E700DC8AD1 /* AppDelegate.m in Sources */,
			);
			runOnlyForDeploymentPostprocessing = 0;
		};
		AA1C789A18A9024E00DC8AD1 /* Sources */ = {
			isa = PBXSourcesBuildPhase;
			buildActionMask = 2147483647;
			files = (
				AA0CD1C918ABBCE9008FE536 /* DTPickerDatasourceSpecs.m in Sources */,
				88FE4CF719ADEE8A007562CD /* CustomViewController.m in Sources */,
				AA0CD1C218ABAAB4008FE536 /* DTDatePickerPresenterSpecs.m in Sources */,
				88FE4CF019ADEA0C007562CD /* DTViewPresenter.m in Sources */,
				AA0CD1C418ABB2EB008FE536 /* DTPickerPresenterSpecs.m in Sources */,
			);
			runOnlyForDeploymentPostprocessing = 0;
		};
/* End PBXSourcesBuildPhase section */

/* Begin PBXTargetDependency section */
		AA1C78A418A9024E00DC8AD1 /* PBXTargetDependency */ = {
			isa = PBXTargetDependency;
			target = AA1C788218A9024E00DC8AD1 /* Example */;
			targetProxy = AA1C78A318A9024E00DC8AD1 /* PBXContainerItemProxy */;
		};
/* End PBXTargetDependency section */

/* Begin PBXVariantGroup section */
		AA1C788F18A9024E00DC8AD1 /* InfoPlist.strings */ = {
			isa = PBXVariantGroup;
			children = (
				AA1C789018A9024E00DC8AD1 /* en */,
			);
			name = InfoPlist.strings;
			sourceTree = "<group>";
		};
		AA1C78D118A9051C00DC8AD1 /* InfoPlist.strings */ = {
			isa = PBXVariantGroup;
			children = (
				AA1C78D218A9051C00DC8AD1 /* en */,
			);
			name = InfoPlist.strings;
			sourceTree = "<group>";
		};
/* End PBXVariantGroup section */

/* Begin XCBuildConfiguration section */
		AA1C78AD18A9024E00DC8AD1 /* Debug */ = {
			isa = XCBuildConfiguration;
			buildSettings = {
				ALWAYS_SEARCH_USER_PATHS = NO;
				CLANG_CXX_LANGUAGE_STANDARD = "gnu++0x";
				CLANG_CXX_LIBRARY = "libc++";
				CLANG_ENABLE_MODULES = YES;
				CLANG_ENABLE_OBJC_ARC = YES;
				CLANG_WARN_BOOL_CONVERSION = YES;
				CLANG_WARN_CONSTANT_CONVERSION = YES;
				CLANG_WARN_DIRECT_OBJC_ISA_USAGE = YES_ERROR;
				CLANG_WARN_EMPTY_BODY = YES;
				CLANG_WARN_ENUM_CONVERSION = YES;
				CLANG_WARN_INT_CONVERSION = YES;
				CLANG_WARN_OBJC_ROOT_CLASS = YES_ERROR;
				CLANG_WARN__DUPLICATE_METHOD_MATCH = YES;
				"CODE_SIGN_IDENTITY[sdk=iphoneos*]" = "iPhone Developer";
				COPY_PHASE_STRIP = NO;
				GCC_C_LANGUAGE_STANDARD = gnu99;
				GCC_DYNAMIC_NO_PIC = NO;
				GCC_OPTIMIZATION_LEVEL = 0;
				GCC_PREPROCESSOR_DEFINITIONS = (
					"DEBUG=1",
					"$(inherited)",
				);
				GCC_SYMBOLS_PRIVATE_EXTERN = NO;
				GCC_WARN_64_TO_32_BIT_CONVERSION = YES;
				GCC_WARN_ABOUT_RETURN_TYPE = YES_ERROR;
				GCC_WARN_UNDECLARED_SELECTOR = YES;
				GCC_WARN_UNINITIALIZED_AUTOS = YES;
				GCC_WARN_UNUSED_FUNCTION = YES;
				GCC_WARN_UNUSED_VARIABLE = YES;
				IPHONEOS_DEPLOYMENT_TARGET = 7.0;
				ONLY_ACTIVE_ARCH = YES;
				SDKROOT = iphoneos;
			};
			name = Debug;
		};
		AA1C78AE18A9024E00DC8AD1 /* Release */ = {
			isa = XCBuildConfiguration;
			buildSettings = {
				ALWAYS_SEARCH_USER_PATHS = NO;
				CLANG_CXX_LANGUAGE_STANDARD = "gnu++0x";
				CLANG_CXX_LIBRARY = "libc++";
				CLANG_ENABLE_MODULES = YES;
				CLANG_ENABLE_OBJC_ARC = YES;
				CLANG_WARN_BOOL_CONVERSION = YES;
				CLANG_WARN_CONSTANT_CONVERSION = YES;
				CLANG_WARN_DIRECT_OBJC_ISA_USAGE = YES_ERROR;
				CLANG_WARN_EMPTY_BODY = YES;
				CLANG_WARN_ENUM_CONVERSION = YES;
				CLANG_WARN_INT_CONVERSION = YES;
				CLANG_WARN_OBJC_ROOT_CLASS = YES_ERROR;
				CLANG_WARN__DUPLICATE_METHOD_MATCH = YES;
				"CODE_SIGN_IDENTITY[sdk=iphoneos*]" = "iPhone Developer";
				COPY_PHASE_STRIP = YES;
				ENABLE_NS_ASSERTIONS = NO;
				GCC_C_LANGUAGE_STANDARD = gnu99;
				GCC_WARN_64_TO_32_BIT_CONVERSION = YES;
				GCC_WARN_ABOUT_RETURN_TYPE = YES_ERROR;
				GCC_WARN_UNDECLARED_SELECTOR = YES;
				GCC_WARN_UNINITIALIZED_AUTOS = YES;
				GCC_WARN_UNUSED_FUNCTION = YES;
				GCC_WARN_UNUSED_VARIABLE = YES;
				IPHONEOS_DEPLOYMENT_TARGET = 7.0;
				SDKROOT = iphoneos;
				VALIDATE_PRODUCT = YES;
			};
			name = Release;
		};
		AA1C78B018A9024E00DC8AD1 /* Debug */ = {
			isa = XCBuildConfiguration;
			buildSettings = {
				ASSETCATALOG_COMPILER_APPICON_NAME = AppIcon;
				ASSETCATALOG_COMPILER_LAUNCHIMAGE_NAME = LaunchImage;
				GCC_PRECOMPILE_PREFIX_HEADER = YES;
				GCC_PREFIX_HEADER = DTPickerPresenterExample/DTPickerPresenterExample.pch;
				INFOPLIST_FILE = DTPickerPresenterExample/DTPickerPresenterExample.plist;
				IPHONEOS_DEPLOYMENT_TARGET = 6.1;
				PRODUCT_NAME = "$(TARGET_NAME)";
				TARGETED_DEVICE_FAMILY = "1,2";
				WRAPPER_EXTENSION = app;
			};
			name = Debug;
		};
		AA1C78B118A9024E00DC8AD1 /* Release */ = {
			isa = XCBuildConfiguration;
			buildSettings = {
				ASSETCATALOG_COMPILER_APPICON_NAME = AppIcon;
				ASSETCATALOG_COMPILER_LAUNCHIMAGE_NAME = LaunchImage;
				GCC_PRECOMPILE_PREFIX_HEADER = YES;
				GCC_PREFIX_HEADER = DTPickerPresenterExample/DTPickerPresenterExample.pch;
				INFOPLIST_FILE = DTPickerPresenterExample/DTPickerPresenterExample.plist;
				IPHONEOS_DEPLOYMENT_TARGET = 6.1;
				PRODUCT_NAME = "$(TARGET_NAME)";
				TARGETED_DEVICE_FAMILY = "1,2";
				WRAPPER_EXTENSION = app;
			};
			name = Release;
		};
		AA1C78B318A9024E00DC8AD1 /* Debug */ = {
			isa = XCBuildConfiguration;
			baseConfigurationReference = 95F274B74E3843D79AA3A99E /* Pods-Specs.xcconfig */;
			buildSettings = {
				BUNDLE_LOADER = "$(BUILT_PRODUCTS_DIR)/Example.app/Example";
				FRAMEWORK_SEARCH_PATHS = (
					"$(SDKROOT)/Developer/Library/Frameworks",
					"$(inherited)",
					"$(DEVELOPER_FRAMEWORKS_DIR)",
				);
				GCC_PRECOMPILE_PREFIX_HEADER = YES;
				GCC_PREFIX_HEADER = DTPickerPresenterTests/DTPickerPresenterSpecs.pch;
				GCC_PREPROCESSOR_DEFINITIONS = (
					"DEBUG=1",
					"$(inherited)",
				);
				INFOPLIST_FILE = "DTPickerPresenterTests/DTPickerPresenter-Info.plist";
				PRODUCT_NAME = DTPickerPresenter;
				TEST_HOST = "$(BUNDLE_LOADER)";
				WRAPPER_EXTENSION = xctest;
			};
			name = Debug;
		};
		AA1C78B418A9024E00DC8AD1 /* Release */ = {
			isa = XCBuildConfiguration;
			baseConfigurationReference = 95F274B74E3843D79AA3A99E /* Pods-Specs.xcconfig */;
			buildSettings = {
				BUNDLE_LOADER = "$(BUILT_PRODUCTS_DIR)/Example.app/Example";
				FRAMEWORK_SEARCH_PATHS = (
					"$(SDKROOT)/Developer/Library/Frameworks",
					"$(inherited)",
					"$(DEVELOPER_FRAMEWORKS_DIR)",
				);
				GCC_PRECOMPILE_PREFIX_HEADER = YES;
				GCC_PREFIX_HEADER = DTPickerPresenterTests/DTPickerPresenterSpecs.pch;
				INFOPLIST_FILE = "DTPickerPresenterTests/DTPickerPresenter-Info.plist";
				PRODUCT_NAME = DTPickerPresenter;
				TEST_HOST = "$(BUNDLE_LOADER)";
				WRAPPER_EXTENSION = xctest;
			};
			name = Release;
		};
/* End XCBuildConfiguration section */

/* Begin XCConfigurationList section */
		AA1C787E18A9024E00DC8AD1 /* Build configuration list for PBXProject "DTPickerPresenter" */ = {
			isa = XCConfigurationList;
			buildConfigurations = (
				AA1C78AD18A9024E00DC8AD1 /* Debug */,
				AA1C78AE18A9024E00DC8AD1 /* Release */,
			);
			defaultConfigurationIsVisible = 0;
			defaultConfigurationName = Release;
		};
		AA1C78AF18A9024E00DC8AD1 /* Build configuration list for PBXNativeTarget "Example" */ = {
			isa = XCConfigurationList;
			buildConfigurations = (
				AA1C78B018A9024E00DC8AD1 /* Debug */,
				AA1C78B118A9024E00DC8AD1 /* Release */,
			);
			defaultConfigurationIsVisible = 0;
			defaultConfigurationName = Release;
		};
		AA1C78B218A9024E00DC8AD1 /* Build configuration list for PBXNativeTarget "Specs" */ = {
			isa = XCConfigurationList;
			buildConfigurations = (
				AA1C78B318A9024E00DC8AD1 /* Debug */,
				AA1C78B418A9024E00DC8AD1 /* Release */,
			);
			defaultConfigurationIsVisible = 0;
			defaultConfigurationName = Release;
		};
/* End XCConfigurationList section */
	};
	rootObject = AA1C787B18A9024E00DC8AD1 /* Project object */;
}
